
Microsoft Visual Studio Solution File, Format Version 12.00
# Visual Studio Version 16
VisualStudioVersion = 16.0.32413.511
MinimumVisualStudioVersion = 10.0.40219.1
Project("{FAE04EC0-301F-11D3-BF4B-00C04F79EFBC}") = "ConsoleApp16", "ConsoleApp16\ConsoleApp16.csproj", "{20875F04-533A-40BB-AFFF-ABBA9A187F29}"
EndProject
Global
	GlobalSection(SolutionConfigurationPlatforms) = preSolution
		Debug|Any CPU = Debug|Any CPU
		Release|Any CPU = Release|Any CPU
	EndGlobalSection
	GlobalSection(ProjectConfigurationPlatforms) = postSolution
		{20875F04-533A-40BB-AFFF-ABBA9A187F29}.Debug|Any CPU.ActiveCfg = Debug|Any CPU
		{20875F04-533A-40BB-AFFF-ABBA9A187F29}.Debug|Any CPU.Build.0 = Debug|Any CPU
		{20875F04-533A-40BB-AFFF-ABBA9A187F29}.Release|Any CPU.ActiveCfg = Release|Any CPU
		{20875F04-533A-40BB-AFFF-ABBA9A187F29}.Release|Any CPU.Build.0 = Release|Any CPU
	EndGlobalSection
	GlobalSection(SolutionProperties) = preSolution
		HideSolutionNode = FALSE
	EndGlobalSection
	GlobalSection(ExtensibilityGlobals) = postSolution
		SolutionGuid = {BE7D379C-3F91-4D10-9A69-DCF7495A1D72}
	EndGlobalSection
EndGlobal
